{
  "name": "saeon.identity.service",
  "version": "1.0.0",
  "lockfileVersion": 1,
  "requires": true,
  "dependencies": {
    "jquery": {
      "version": "https://registry.npmjs.org/jquery/-/jquery-3.3.1.tgz",
      "integrity": "sha1-lYzinoHJeQ8xvneS311NlfxX+8o="
    },
    "jquery-validation": {
      "version": "https://registry.npmjs.org/jquery-validation/-/jquery-validation-1.17.0.tgz",
      "integrity": "sha1-q2a2tYPXdAubvRSJk+UOisBB81s=",
      "requires": {
        "jquery": "https://registry.npmjs.org/jquery/-/jquery-3.3.1.tgz"
      }
    },
    "jquery-validation-unobtrusive": {
      "version": "https://registry.npmjs.org/jquery-validation-unobtrusive/-/jquery-validation-unobtrusive-3.2.6.tgz",
      "integrity": "sha1-D4dnxUYuMLSldD0SRh6AV9p1cuU=",
      "requires": {
        "jquery": "https://registry.npmjs.org/jquery/-/jquery-3.3.1.tgz",
        "jquery-validation": "https://registry.npmjs.org/jquery-validation/-/jquery-validation-1.17.0.tgz"
      }
    },
    "mdbootstrap": {
      "version": "4.5.0",
      "resolved": "https://registry.npmjs.org/mdbootstrap/-/mdbootstrap-4.5.0.tgz",
      "integrity": "sha512-YKX65bexGGRyatvq6ylADdPfavt1T+kSld+3m1hIiAHWY16Dsr1ejsYVNKSqcnbigJjNTlO/nrDdwUif52eFAg=="
    }
  }
}
